github.com/go-sql-driver/mysql v1.4.0/go.mod h1:zAC/RDZ24gD3HViQzih4MyKcchzm+sOG5ZlKdlhCg5w=
github.com/gostaticanalysis/analysisutil v0.0.0-20190318220348-4088753ea4d3 h1:JVnpOZS+qxli+rgVl98ILOXVNbW+kb5wcxeGx8ShUIw=
github.com/gostaticanalysis/analysisutil v0.0.0-20190318220348-4088753ea4d3/go.mod h1:eEOZF4jCKGi+aprrirO9e7WKB3beBRtWgqGunKl6pKE=
github.com/jmoiron/sqlx v1.2.0 h1:41Ip0zITnmWNR/vHV+S4m+VoUivnWY5E4OJfLZjCJMA=
github.com/jmoiron/sqlx v1.2.0/go.mod h1:1FEQNm3xlJgrMD+FBdI9+xvCksHtbpVBBw5dYhBSsks=
github.com/jmoiron/sqlx v1.2.1-0.20190826204134-d7d95172beb5 h1:lrdPtrORjGv1HbbEvKWDUAy97mPpFm4B8hp77tcCUJY=
github.com/jmoiron/sqlx v1.2.1-0.20190826204134-d7d95172beb5/go.mod h1:1FEQNm3xlJgrMD+FBdI9+xvCksHtbpVBBw5dYhBSsks=
github.com/lib/pq v1.0.0/go.mod h1:5WUZQaWbwv1U+lTReE5YruASi9Al49XbQIvNi/34Woo=
github.com/mattn/go-sqlite3 v1.9.0/go.mod h1:FPy6KqzDD04eiIsT53CuJW3U88zkxoIYsOqkbpncsNc=
golang.org/x/crypto v0.0.0-20190308221718-c2843e01d9a2/go.mod h1:djNgcEr1/C05ACkg1iLfiJU5Ep61QUkGW8qpdssI0+w=
golang.org/x/net v0.0.0-20190311183353-d8887717615a/go.mod h1:t9HGtf8HONx5eT2rtn7q6eTqICYqUVnKs3thJo3Qplg=
golang.org/x/sys v0.0.0-20190215142949-d0b11bdaac8a/go.mod h1:STP8DvDyc/dI5b8T5hshtkjS+E42TnysNCUPdjciGhY=
golang.org/x/text v0.3.0/go.mod h1:NqM8EUOU14njkJ3fqMW+pc6Ldnwhi/IjpwHt7yyuwOQ=
golang.org/x/tools v0.0.0-20190311215038-5c2858a9cfe5/go.mod h1:LCzVGOaR6xXOjkQ3onu1FJEFr0SW1gC7cKk1uF8kGRs=
golang.org/x/tools v0.0.0-20190322203728-c1a832b0ad89 h1:iWXXYN3edZ3Nd/7I6Rt1sXrWVmhF9bgVtlEJ7BbH124=
golang.org/x/tools v0.0.0-20190322203728-c1a832b0ad89/go.mod h1:LCzVGOaR6xXOjkQ3onu1FJEFr0SW1gC7cKk1uF8kGRs=
golang.org/x/tools v0.0.0-20191107235519-f7ea15e60b12 h1:Em35dEjqsNULK9Md61nyJCwGaF+Ydf5CpLdiroCI++4=
golang.org/x/tools v0.0.0-20191108193012-7d206e10da11 h1:Yq9t9jnGoR+dBuitxdo9l6Q7xh/zOyNnYUtDKaQ3x0E=
golang.org/x/tools v0.0.0-20191109212701-97ad0ed33101 h1:LCmXVkvpQCDj724eX6irUTPCJP5GelFHxqGSWL2D1R0=
golang.org/x/tools v0.0.0-20191113055240-e33b02e76616 h1:ZWRqtkwG40JP3u51g3qbIpxQuZICFL5shyGxgnxUhF0=
golang.org/x/tools v0.0.0-20191115202509-3a792d9c32b2 h1:EtTFh6h4SAKemS+CURDMTDIANuduG5zKEXShyy18bGA=
